
Microsoft Visual Studio Solution File, Format Version 12.00
# Visual Studio Version 17
VisualStudioVersion = 17.6.33801.468
MinimumVisualStudioVersion = 10.0.40219.1
Project("{FAE04EC0-301F-11D3-BF4B-00C04F79EFBC}") = "Decision_Structures_WinForm_Examples", "Decision_Structures_WinForm_Examples\Decision_Structures_WinForm_Examples.csproj", "{42F5F11B-3767-4637-BC34-0EEB494A3C8B}"
EndProject
Global
	GlobalSection(SolutionConfigurationPlatforms) = preSolution
		Debug|Any CPU = Debug|Any CPU
		Release|Any CPU = Release|Any CPU
	EndGlobalSection
	GlobalSection(ProjectConfigurationPlatforms) = postSolution
		{42F5F11B-3767-4637-BC34-0EEB494A3C8B}.Debug|Any CPU.ActiveCfg = Debug|Any CPU
		{42F5F11B-3767-4637-BC34-0EEB494A3C8B}.Debug|Any CPU.Build.0 = Debug|Any CPU
		{42F5F11B-3767-4637-BC34-0EEB494A3C8B}.Release|Any CPU.ActiveCfg = Release|Any CPU
		{42F5F11B-3767-4637-BC34-0EEB494A3C8B}.Release|Any CPU.Build.0 = Release|Any CPU
	EndGlobalSection
	GlobalSection(SolutionProperties) = preSolution
		HideSolutionNode = FALSE
	EndGlobalSection
	GlobalSection(ExtensibilityGlobals) = postSolution
		SolutionGuid = {C0EBF581-64FF-4D3B-84AC-D53D5F5F9BE2}
	EndGlobalSection
EndGlobal
